
Microsoft Visual Studio Solution File, Format Version 12.00
# Visual Studio Version 17
VisualStudioVersion = 17.6.33723.286
MinimumVisualStudioVersion = 10.0.40219.1
Project("{FAE04EC0-301F-11D3-BF4B-00C04F79EFBC}") = "SocialMediaApi", "SocialMediaApi\SocialMediaApi.csproj", "{855D5B67-2265-473B-8605-8B4C5F5F7081}"
EndProject
Global
	GlobalSection(SolutionConfigurationPlatforms) = preSolution
		Debug|Any CPU = Debug|Any CPU
		Release|Any CPU = Release|Any CPU
	EndGlobalSection
	GlobalSection(ProjectConfigurationPlatforms) = postSolution
		{855D5B67-2265-473B-8605-8B4C5F5F7081}.Debug|Any CPU.ActiveCfg = Debug|Any CPU
		{855D5B67-2265-473B-8605-8B4C5F5F7081}.Debug|Any CPU.Build.0 = Debug|Any CPU
		{855D5B67-2265-473B-8605-8B4C5F5F7081}.Release|Any CPU.ActiveCfg = Release|Any CPU
		{855D5B67-2265-473B-8605-8B4C5F5F7081}.Release|Any CPU.Build.0 = Release|Any CPU
	EndGlobalSection
	GlobalSection(SolutionProperties) = preSolution
		HideSolutionNode = FALSE
	EndGlobalSection
	GlobalSection(ExtensibilityGlobals) = postSolution
		SolutionGuid = {8DC9F62F-643F-4F27-9BED-E755D4264F18}
	EndGlobalSection
EndGlobal
